
Microsoft Visual Studio Solution File, Format Version 12.00
# Visual Studio 15
VisualStudioVersion = 15.0.28307.421
MinimumVisualStudioVersion = 10.0.40219.1
Project("{FAE04EC0-301F-11D3-BF4B-00C04F79EFBC}") = "Program", "Program\Program.csproj", "{4BA16DCA-645F-4C63-A061-5FF90A0B7A63}"
EndProject
Project("{FAE04EC0-301F-11D3-BF4B-00C04F79EFBC}") = "ProgramTest", "ProjectTest\ProgramTest.csproj", "{945C0357-0CC2-47C6-9E39-CA704B3A48F8}"
EndProject
Global
	GlobalSection(SolutionConfigurationPlatforms) = preSolution
		Debug|Any CPU = Debug|Any CPU
		Release|Any CPU = Release|Any CPU
	EndGlobalSection
	GlobalSection(ProjectConfigurationPlatforms) = postSolution
		{4BA16DCA-645F-4C63-A061-5FF90A0B7A63}.Debug|Any CPU.ActiveCfg = Debug|Any CPU
		{4BA16DCA-645F-4C63-A061-5FF90A0B7A63}.Debug|Any CPU.Build.0 = Debug|Any CPU
		{4BA16DCA-645F-4C63-A061-5FF90A0B7A63}.Release|Any CPU.ActiveCfg = Release|Any CPU
		{4BA16DCA-645F-4C63-A061-5FF90A0B7A63}.Release|Any CPU.Build.0 = Release|Any CPU
		{945C0357-0CC2-47C6-9E39-CA704B3A48F8}.Debug|Any CPU.ActiveCfg = Debug|Any CPU
		{945C0357-0CC2-47C6-9E39-CA704B3A48F8}.Debug|Any CPU.Build.0 = Debug|Any CPU
		{945C0357-0CC2-47C6-9E39-CA704B3A48F8}.Release|Any CPU.ActiveCfg = Release|Any CPU
		{945C0357-0CC2-47C6-9E39-CA704B3A48F8}.Release|Any CPU.Build.0 = Release|Any CPU
	EndGlobalSection
	GlobalSection(SolutionProperties) = preSolution
		HideSolutionNode = FALSE
	EndGlobalSection
	GlobalSection(ExtensibilityGlobals) = postSolution
		SolutionGuid = {D9DAC426-66C5-46BD-A6D4-F8FE107F35CA}
	EndGlobalSection
EndGlobal
